
Microsoft Visual Studio Solution File, Format Version 12.00
# Visual Studio Version 16
VisualStudioVersion = 16.0.30907.101
MinimumVisualStudioVersion = 10.0.40219.1
Project("{FAE04EC0-301F-11D3-BF4B-00C04F79EFBC}") = "ExamGolyshev", "ExamGolyshev.csproj", "{7BF0E44E-AF8A-4585-8D78-43BBDA636E30}"
EndProject
Project("{FAE04EC0-301F-11D3-BF4B-00C04F79EFBC}") = "DiscountDLL", "DiscountDLL\DiscountDLL.csproj", "{1AC9AAA6-88F9-4042-8ED3-53AC78031131}"
EndProject
Project("{FAE04EC0-301F-11D3-BF4B-00C04F79EFBC}") = "UnitTestDiscountDll", "UnitTestDiscountDll\UnitTestDiscountDll.csproj", "{24837DC1-9AAD-4CE0-BC1B-351152158168}"
EndProject
Global
	GlobalSection(SolutionConfigurationPlatforms) = preSolution
		Debug|Any CPU = Debug|Any CPU
		Release|Any CPU = Release|Any CPU
	EndGlobalSection
	GlobalSection(ProjectConfigurationPlatforms) = postSolution
		{7BF0E44E-AF8A-4585-8D78-43BBDA636E30}.Debug|Any CPU.ActiveCfg = Debug|Any CPU
		{7BF0E44E-AF8A-4585-8D78-43BBDA636E30}.Debug|Any CPU.Build.0 = Debug|Any CPU
		{7BF0E44E-AF8A-4585-8D78-43BBDA636E30}.Release|Any CPU.ActiveCfg = Release|Any CPU
		{7BF0E44E-AF8A-4585-8D78-43BBDA636E30}.Release|Any CPU.Build.0 = Release|Any CPU
		{1AC9AAA6-88F9-4042-8ED3-53AC78031131}.Debug|Any CPU.ActiveCfg = Debug|Any CPU
		{1AC9AAA6-88F9-4042-8ED3-53AC78031131}.Debug|Any CPU.Build.0 = Debug|Any CPU
		{1AC9AAA6-88F9-4042-8ED3-53AC78031131}.Release|Any CPU.ActiveCfg = Release|Any CPU
		{1AC9AAA6-88F9-4042-8ED3-53AC78031131}.Release|Any CPU.Build.0 = Release|Any CPU
		{24837DC1-9AAD-4CE0-BC1B-351152158168}.Debug|Any CPU.ActiveCfg = Debug|Any CPU
		{24837DC1-9AAD-4CE0-BC1B-351152158168}.Debug|Any CPU.Build.0 = Debug|Any CPU
		{24837DC1-9AAD-4CE0-BC1B-351152158168}.Release|Any CPU.ActiveCfg = Release|Any CPU
		{24837DC1-9AAD-4CE0-BC1B-351152158168}.Release|Any CPU.Build.0 = Release|Any CPU
	EndGlobalSection
	GlobalSection(SolutionProperties) = preSolution
		HideSolutionNode = FALSE
	EndGlobalSection
	GlobalSection(ExtensibilityGlobals) = postSolution
		SolutionGuid = {C85BD688-9435-413A-B20C-24CF3450E61D}
	EndGlobalSection
EndGlobal
